// !$*UTF8*$!
{
	archiveVersion = 1;
	classes = {
	};
	objectVersion = 63;
	objects = {

/* Begin PBXBuildFile section */
		00036B822CF56414007D1244 /* PhotoRepositoryInterface.swift in Sources */ = {isa = PBXBuildFile; fileRef = 00036B812CF56414007D1244 /* PhotoRepositoryInterface.swift */; };
		00036B862CF58D7C007D1244 /* WhiteboardObjectSetInterface.swift in Sources */ = {isa = PBXBuildFile; fileRef = 00036B852CF58D7C007D1244 /* WhiteboardObjectSetInterface.swift */; };
		003D5A2B2CEB1FF0005F3D09 /* PhotoObject.swift in Sources */ = {isa = PBXBuildFile; fileRef = 003D5A2A2CEB1FEA005F3D09 /* PhotoObject.swift */; };
		003D5A2D2CEB21AA005F3D09 /* AddPhotoUseCase.swift in Sources */ = {isa = PBXBuildFile; fileRef = 003D5A2C2CEB217E005F3D09 /* AddPhotoUseCase.swift */; };
		003D5A2F2CEB21B6005F3D09 /* AddPhotoUseCaseInterface.swift in Sources */ = {isa = PBXBuildFile; fileRef = 003D5A2E2CEB21B2005F3D09 /* AddPhotoUseCaseInterface.swift */; };
		004B217D2CEB2B2300A5BEB8 /* DomainError.swift in Sources */ = {isa = PBXBuildFile; fileRef = 004B217C2CEB2B2300A5BEB8 /* DomainError.swift */; };
		005BCC512CF01D29001B3623 /* WhiteboardObjectSet.swift in Sources */ = {isa = PBXBuildFile; fileRef = 005BCC502CF01D29001B3623 /* WhiteboardObjectSet.swift */; };
		00683D692CE37F2F000D28E4 /* DrawingObject.swift in Sources */ = {isa = PBXBuildFile; fileRef = 00683D682CE37F2F000D28E4 /* DrawingObject.swift */; };
		00683D722CE3A74A000D28E4 /* DrawObjectUseCase.swift in Sources */ = {isa = PBXBuildFile; fileRef = 00683D712CE3A74A000D28E4 /* DrawObjectUseCase.swift */; };
		007BCEDC2CEB852C009E6935 /* AddPhotoUseCaseTests.swift in Sources */ = {isa = PBXBuildFile; fileRef = 007BCEDB2CEB852C009E6935 /* AddPhotoUseCaseTests.swift */; };
		0080E8BB2CE2ECD80095B958 /* WhiteboardObject.swift in Sources */ = {isa = PBXBuildFile; fileRef = 0080E8BA2CE2ECC60095B958 /* WhiteboardObject.swift */; };
		0080E8CE2CE4463B0095B958 /* WhiteboardObjectRepositoryInterface.swift in Sources */ = {isa = PBXBuildFile; fileRef = 0080E8CD2CE4462E0095B958 /* WhiteboardObjectRepositoryInterface.swift */; };
		0080E91A2CE4B0880095B958 /* DrawObjectUseCaseInterface.swift in Sources */ = {isa = PBXBuildFile; fileRef = 0080E9182CE4B0880095B958 /* DrawObjectUseCaseInterface.swift */; };
		0080E9502CE4D8700095B958 /* Domain.framework in Frameworks */ = {isa = PBXBuildFile; fileRef = 5B7C6E262CDB6A010024704A /* Domain.framework */; platformFilter = ios; };
		0080E9582CE4D8760095B958 /* DrawObjectUseCaseTests.swift in Sources */ = {isa = PBXBuildFile; fileRef = 0080E9562CE4D8760095B958 /* DrawObjectUseCaseTests.swift */; };
		00D2DD842CE8864B0089F0BA /* ManageWhiteboardObjectUseCaseInterface.swift in Sources */ = {isa = PBXBuildFile; fileRef = 00D2DD832CE8864B0089F0BA /* ManageWhiteboardObjectUseCaseInterface.swift */; };
		00D2DD862CE887540089F0BA /* ManageWhiteboardObjectUseCase.swift in Sources */ = {isa = PBXBuildFile; fileRef = 00D2DD852CE887540089F0BA /* ManageWhiteboardObjectUseCase.swift */; };
		00D2DD882CE88BD80089F0BA /* ManageWhiteboardToolUseCaseInterface.swift in Sources */ = {isa = PBXBuildFile; fileRef = 00D2DD872CE88BD80089F0BA /* ManageWhiteboardToolUseCaseInterface.swift */; };
		00D2DD8F2CE88C640089F0BA /* WhiteboardTool.swift in Sources */ = {isa = PBXBuildFile; fileRef = 00D2DD8E2CE88C640089F0BA /* WhiteboardTool.swift */; };
		00D2DD912CE88D260089F0BA /* ManageWhiteboardToolUseCase.swift in Sources */ = {isa = PBXBuildFile; fileRef = 00D2DD902CE88D260089F0BA /* ManageWhiteboardToolUseCase.swift */; };
		00D2DD932CE88EC70089F0BA /* ManageWhiteboardToolUseCaseTests.swift in Sources */ = {isa = PBXBuildFile; fileRef = 00D2DD922CE88EC70089F0BA /* ManageWhiteboardToolUseCaseTests.swift */; };
		00D2DD952CE88EDA0089F0BA /* ManageWhiteboardObjectsUseCaseTests.swift in Sources */ = {isa = PBXBuildFile; fileRef = 00D2DD942CE88EDA0089F0BA /* ManageWhiteboardObjectsUseCaseTests.swift */; };
		5B6542482CE44631000168AD /* WhiteboardUseCaseInterface.swift in Sources */ = {isa = PBXBuildFile; fileRef = 5B6542472CE44631000168AD /* WhiteboardUseCaseInterface.swift */; };
		5B7C6EB02CDB6C040024704A /* AirplaINFoundation.framework in Frameworks */ = {isa = PBXBuildFile; fileRef = 5B7C6EAF2CDB6C040024704A /* AirplaINFoundation.framework */; };
		5B7C6EB12CDB6C040024704A /* AirplaINFoundation.framework in Embed Frameworks */ = {isa = PBXBuildFile; fileRef = 5B7C6EAF2CDB6C040024704A /* AirplaINFoundation.framework */; settings = {ATTRIBUTES = (CodeSignOnCopy, RemoveHeadersOnCopy, ); }; };
		5BDFD9342CE1F7DB00DA4F5B /* Whiteboard.swift in Sources */ = {isa = PBXBuildFile; fileRef = 5BDFD9332CE1F7DB00DA4F5B /* Whiteboard.swift */; };
		5BDFD9372CE2E6BC00DA4F5B /* WhiteboardRepositoryInterface.swift in Sources */ = {isa = PBXBuildFile; fileRef = 5BDFD9362CE2E6BC00DA4F5B /* WhiteboardRepositoryInterface.swift */; };
		5BDFD93A2CE2EE3100DA4F5B /* WhiteboardUseCase.swift in Sources */ = {isa = PBXBuildFile; fileRef = 5BDFD9392CE2EE3100DA4F5B /* WhiteboardUseCase.swift */; };
		6F21477B2CE4CEAE00B55E2C /* TextObject.swift in Sources */ = {isa = PBXBuildFile; fileRef = 6F21477A2CE4CEAE00B55E2C /* TextObject.swift */; };
		6F3BCDC82CF31CB4005F6642 /* ChatMessage.swift in Sources */ = {isa = PBXBuildFile; fileRef = 6F3BCDC72CF31CB4005F6642 /* ChatMessage.swift */; };
		6F3BCDCA2CF31DBA005F6642 /* ChatRepositoryInterface.swift in Sources */ = {isa = PBXBuildFile; fileRef = 6F3BCDC92CF31DBA005F6642 /* ChatRepositoryInterface.swift */; };
		6F3BCDCE2CF3312A005F6642 /* ChatUseCaseInterface.swift in Sources */ = {isa = PBXBuildFile; fileRef = 6F3BCDCD2CF3312A005F6642 /* ChatUseCaseInterface.swift */; };
		6F3BCDD02CF3322C005F6642 /* ChatUseCase.swift in Sources */ = {isa = PBXBuildFile; fileRef = 6F3BCDCF2CF3322C005F6642 /* ChatUseCase.swift */; };
		6F3BCDD22CF45510005F6642 /* ChatUseCaseTests.swift in Sources */ = {isa = PBXBuildFile; fileRef = 6F3BCDD12CF45510005F6642 /* ChatUseCaseTests.swift */; };
		6F47898F2CEB8D8F0016B7AB /* TextObjectUseCaseInterface.swift in Sources */ = {isa = PBXBuildFile; fileRef = 6F47898E2CEB8D8F0016B7AB /* TextObjectUseCaseInterface.swift */; };
		6F68E7852CEC200000945394 /* TextObjectUseCase.swift in Sources */ = {isa = PBXBuildFile; fileRef = 6F68E7842CEC200000945394 /* TextObjectUseCase.swift */; };
		6F68E7872CEC593300945394 /* TextObjectUseCaseTests.swift in Sources */ = {isa = PBXBuildFile; fileRef = 6F68E7862CEC593300945394 /* TextObjectUseCaseTests.swift */; };
		6FBC909B2CE5A6AE000FEB5A /* WhiteObjectSendUseCaseInterface.swift in Sources */ = {isa = PBXBuildFile; fileRef = 6FBC909A2CE5A52B000FEB5A /* WhiteObjectSendUseCaseInterface.swift */; };
		A85260232CE343B20089DA5E /* ProfileUseCase.swift in Sources */ = {isa = PBXBuildFile; fileRef = A85260222CE343B20089DA5E /* ProfileUseCase.swift */; };
		A8E97BD82CE5A6B800B28063 /* Profile.swift in Sources */ = {isa = PBXBuildFile; fileRef = A8E97BD62CE5A6B800B28063 /* Profile.swift */; };
		A8E97BD92CE5A6B800B28063 /* ProfileIcon.swift in Sources */ = {isa = PBXBuildFile; fileRef = A8E97BD72CE5A6B800B28063 /* ProfileIcon.swift */; };
		A8E97BDB2CE5A6D500B28063 /* ProfileRepositoryInterface.swift in Sources */ = {isa = PBXBuildFile; fileRef = A8E97BDA2CE5A6D500B28063 /* ProfileRepositoryInterface.swift */; };
		A8E97C052CE5E3AB00B28063 /* ProfileUseCaseInterface.swift in Sources */ = {isa = PBXBuildFile; fileRef = A8E97C042CE5E3AB00B28063 /* ProfileUseCaseInterface.swift */; };
		A8E97C072CE5E45500B28063 /* WhiteboardObjectSendUseCase.swift in Sources */ = {isa = PBXBuildFile; fileRef = A8E97C062CE5E45500B28063 /* WhiteboardObjectSendUseCase.swift */; };
/* End PBXBuildFile section */

/* Begin PBXContainerItemProxy section */
		0080E9512CE4D8700095B958 /* PBXContainerItemProxy */ = {
			isa = PBXContainerItemProxy;
			containerPortal = 5B7C6E1D2CDB6A010024704A /* Project object */;
			proxyType = 1;
			remoteGlobalIDString = 5B7C6E252CDB6A010024704A;
			remoteInfo = Domain;
		};
/* End PBXContainerItemProxy section */

/* Begin PBXCopyFilesBuildPhase section */
		5B7C6EB22CDB6C040024704A /* Embed Frameworks */ = {
			isa = PBXCopyFilesBuildPhase;
			buildActionMask = 2147483647;
			dstPath = "";
			dstSubfolderSpec = 10;
			files = (
				5B7C6EB12CDB6C040024704A /* AirplaINFoundation.framework in Embed Frameworks */,
			);
			name = "Embed Frameworks";
			runOnlyForDeploymentPostprocessing = 0;
		};
/* End PBXCopyFilesBuildPhase section */

/* Begin PBXFileReference section */
		00036B812CF56414007D1244 /* PhotoRepositoryInterface.swift */ = {isa = PBXFileReference; lastKnownFileType = sourcecode.swift; path = PhotoRepositoryInterface.swift; sourceTree = "<group>"; };
		00036B852CF58D7C007D1244 /* WhiteboardObjectSetInterface.swift */ = {isa = PBXFileReference; lastKnownFileType = sourcecode.swift; path = WhiteboardObjectSetInterface.swift; sourceTree = "<group>"; };
		003D5A2A2CEB1FEA005F3D09 /* PhotoObject.swift */ = {isa = PBXFileReference; lastKnownFileType = sourcecode.swift; path = PhotoObject.swift; sourceTree = "<group>"; };
		003D5A2C2CEB217E005F3D09 /* AddPhotoUseCase.swift */ = {isa = PBXFileReference; lastKnownFileType = sourcecode.swift; path = AddPhotoUseCase.swift; sourceTree = "<group>"; };
		003D5A2E2CEB21B2005F3D09 /* AddPhotoUseCaseInterface.swift */ = {isa = PBXFileReference; lastKnownFileType = sourcecode.swift; path = AddPhotoUseCaseInterface.swift; sourceTree = "<group>"; };
		004B217C2CEB2B2300A5BEB8 /* DomainError.swift */ = {isa = PBXFileReference; lastKnownFileType = sourcecode.swift; path = DomainError.swift; sourceTree = "<group>"; };
		005BCC502CF01D29001B3623 /* WhiteboardObjectSet.swift */ = {isa = PBXFileReference; lastKnownFileType = sourcecode.swift; path = WhiteboardObjectSet.swift; sourceTree = "<group>"; };
		00683D682CE37F2F000D28E4 /* DrawingObject.swift */ = {isa = PBXFileReference; lastKnownFileType = sourcecode.swift; path = DrawingObject.swift; sourceTree = "<group>"; };
		00683D712CE3A74A000D28E4 /* DrawObjectUseCase.swift */ = {isa = PBXFileReference; lastKnownFileType = sourcecode.swift; path = DrawObjectUseCase.swift; sourceTree = "<group>"; };
		007BCEDB2CEB852C009E6935 /* AddPhotoUseCaseTests.swift */ = {isa = PBXFileReference; lastKnownFileType = sourcecode.swift; path = AddPhotoUseCaseTests.swift; sourceTree = "<group>"; };
		0080E8BA2CE2ECC60095B958 /* WhiteboardObject.swift */ = {isa = PBXFileReference; lastKnownFileType = sourcecode.swift; path = WhiteboardObject.swift; sourceTree = "<group>"; };
		0080E8CD2CE4462E0095B958 /* WhiteboardObjectRepositoryInterface.swift */ = {isa = PBXFileReference; lastKnownFileType = sourcecode.swift; path = WhiteboardObjectRepositoryInterface.swift; sourceTree = "<group>"; };
		0080E9182CE4B0880095B958 /* DrawObjectUseCaseInterface.swift */ = {isa = PBXFileReference; lastKnownFileType = sourcecode.swift; path = DrawObjectUseCaseInterface.swift; sourceTree = "<group>"; };
		0080E94C2CE4D8700095B958 /* DomainTests.xctest */ = {isa = PBXFileReference; explicitFileType = wrapper.cfbundle; includeInIndex = 0; path = DomainTests.xctest; sourceTree = BUILT_PRODUCTS_DIR; };
		0080E9562CE4D8760095B958 /* DrawObjectUseCaseTests.swift */ = {isa = PBXFileReference; lastKnownFileType = sourcecode.swift; path = DrawObjectUseCaseTests.swift; sourceTree = "<group>"; };
		00D2DD832CE8864B0089F0BA /* ManageWhiteboardObjectUseCaseInterface.swift */ = {isa = PBXFileReference; lastKnownFileType = sourcecode.swift; path = ManageWhiteboardObjectUseCaseInterface.swift; sourceTree = "<group>"; };
		00D2DD852CE887540089F0BA /* ManageWhiteboardObjectUseCase.swift */ = {isa = PBXFileReference; lastKnownFileType = sourcecode.swift; path = ManageWhiteboardObjectUseCase.swift; sourceTree = "<group>"; };
		00D2DD872CE88BD80089F0BA /* ManageWhiteboardToolUseCaseInterface.swift */ = {isa = PBXFileReference; lastKnownFileType = sourcecode.swift; path = ManageWhiteboardToolUseCaseInterface.swift; sourceTree = "<group>"; };
		00D2DD8E2CE88C640089F0BA /* WhiteboardTool.swift */ = {isa = PBXFileReference; lastKnownFileType = sourcecode.swift; name = WhiteboardTool.swift; path = Domain/Sources/Model/WhiteboardTool.swift; sourceTree = SOURCE_ROOT; };
		00D2DD902CE88D260089F0BA /* ManageWhiteboardToolUseCase.swift */ = {isa = PBXFileReference; lastKnownFileType = sourcecode.swift; path = ManageWhiteboardToolUseCase.swift; sourceTree = "<group>"; };
		00D2DD922CE88EC70089F0BA /* ManageWhiteboardToolUseCaseTests.swift */ = {isa = PBXFileReference; lastKnownFileType = sourcecode.swift; path = ManageWhiteboardToolUseCaseTests.swift; sourceTree = "<group>"; };
		00D2DD942CE88EDA0089F0BA /* ManageWhiteboardObjectsUseCaseTests.swift */ = {isa = PBXFileReference; lastKnownFileType = sourcecode.swift; path = ManageWhiteboardObjectsUseCaseTests.swift; sourceTree = "<group>"; };
		5B6542472CE44631000168AD /* WhiteboardUseCaseInterface.swift */ = {isa = PBXFileReference; lastKnownFileType = sourcecode.swift; path = WhiteboardUseCaseInterface.swift; sourceTree = "<group>"; };
		5B7C6E262CDB6A010024704A /* Domain.framework */ = {isa = PBXFileReference; explicitFileType = wrapper.framework; includeInIndex = 0; path = Domain.framework; sourceTree = BUILT_PRODUCTS_DIR; };
		5B7C6EAF2CDB6C040024704A /* AirplaINFoundation.framework */ = {isa = PBXFileReference; explicitFileType = wrapper.framework; path = AirplaINFoundation.framework; sourceTree = BUILT_PRODUCTS_DIR; };
		5BDFD9332CE1F7DB00DA4F5B /* Whiteboard.swift */ = {isa = PBXFileReference; lastKnownFileType = sourcecode.swift; path = Whiteboard.swift; sourceTree = "<group>"; };
		5BDFD9362CE2E6BC00DA4F5B /* WhiteboardRepositoryInterface.swift */ = {isa = PBXFileReference; lastKnownFileType = sourcecode.swift; path = WhiteboardRepositoryInterface.swift; sourceTree = "<group>"; };
		5BDFD9392CE2EE3100DA4F5B /* WhiteboardUseCase.swift */ = {isa = PBXFileReference; lastKnownFileType = sourcecode.swift; path = WhiteboardUseCase.swift; sourceTree = "<group>"; };
		6F21477A2CE4CEAE00B55E2C /* TextObject.swift */ = {isa = PBXFileReference; lastKnownFileType = sourcecode.swift; path = TextObject.swift; sourceTree = "<group>"; };
		6F3BCDC72CF31CB4005F6642 /* ChatMessage.swift */ = {isa = PBXFileReference; lastKnownFileType = sourcecode.swift; path = ChatMessage.swift; sourceTree = "<group>"; };
		6F3BCDC92CF31DBA005F6642 /* ChatRepositoryInterface.swift */ = {isa = PBXFileReference; lastKnownFileType = sourcecode.swift; path = ChatRepositoryInterface.swift; sourceTree = "<group>"; };
		6F3BCDCD2CF3312A005F6642 /* ChatUseCaseInterface.swift */ = {isa = PBXFileReference; lastKnownFileType = sourcecode.swift; path = ChatUseCaseInterface.swift; sourceTree = "<group>"; };
		6F3BCDCF2CF3322C005F6642 /* ChatUseCase.swift */ = {isa = PBXFileReference; lastKnownFileType = sourcecode.swift; path = ChatUseCase.swift; sourceTree = "<group>"; };
		6F3BCDD12CF45510005F6642 /* ChatUseCaseTests.swift */ = {isa = PBXFileReference; lastKnownFileType = sourcecode.swift; path = ChatUseCaseTests.swift; sourceTree = "<group>"; };
		6F47898E2CEB8D8F0016B7AB /* TextObjectUseCaseInterface.swift */ = {isa = PBXFileReference; lastKnownFileType = sourcecode.swift; path = TextObjectUseCaseInterface.swift; sourceTree = "<group>"; };
		6F68E7842CEC200000945394 /* TextObjectUseCase.swift */ = {isa = PBXFileReference; lastKnownFileType = sourcecode.swift; path = TextObjectUseCase.swift; sourceTree = "<group>"; };
		6F68E7862CEC593300945394 /* TextObjectUseCaseTests.swift */ = {isa = PBXFileReference; lastKnownFileType = sourcecode.swift; path = TextObjectUseCaseTests.swift; sourceTree = "<group>"; };
		6FBC909A2CE5A52B000FEB5A /* WhiteObjectSendUseCaseInterface.swift */ = {isa = PBXFileReference; lastKnownFileType = sourcecode.swift; path = WhiteObjectSendUseCaseInterface.swift; sourceTree = "<group>"; };
		A85260222CE343B20089DA5E /* ProfileUseCase.swift */ = {isa = PBXFileReference; lastKnownFileType = sourcecode.swift; path = ProfileUseCase.swift; sourceTree = "<group>"; };
		A8E97BD62CE5A6B800B28063 /* Profile.swift */ = {isa = PBXFileReference; lastKnownFileType = sourcecode.swift; path = Profile.swift; sourceTree = "<group>"; };
		A8E97BD72CE5A6B800B28063 /* ProfileIcon.swift */ = {isa = PBXFileReference; lastKnownFileType = sourcecode.swift; path = ProfileIcon.swift; sourceTree = "<group>"; };
		A8E97BDA2CE5A6D500B28063 /* ProfileRepositoryInterface.swift */ = {isa = PBXFileReference; lastKnownFileType = sourcecode.swift; path = ProfileRepositoryInterface.swift; sourceTree = "<group>"; };
		A8E97C042CE5E3AB00B28063 /* ProfileUseCaseInterface.swift */ = {isa = PBXFileReference; lastKnownFileType = sourcecode.swift; path = ProfileUseCaseInterface.swift; sourceTree = "<group>"; };
		A8E97C062CE5E45500B28063 /* WhiteboardObjectSendUseCase.swift */ = {isa = PBXFileReference; lastKnownFileType = sourcecode.swift; path = WhiteboardObjectSendUseCase.swift; sourceTree = "<group>"; };
/* End PBXFileReference section */

/* Begin PBXFrameworksBuildPhase section */
		0080E9492CE4D8700095B958 /* Frameworks */ = {
			isa = PBXFrameworksBuildPhase;
			buildActionMask = 2147483647;
			files = (
				0080E9502CE4D8700095B958 /* Domain.framework in Frameworks */,
			);
			runOnlyForDeploymentPostprocessing = 0;
		};
		5B7C6E232CDB6A010024704A /* Frameworks */ = {
			isa = PBXFrameworksBuildPhase;
			buildActionMask = 2147483647;
			files = (
				5B7C6EB02CDB6C040024704A /* AirplaINFoundation.framework in Frameworks */,
			);
			runOnlyForDeploymentPostprocessing = 0;
		};
/* End PBXFrameworksBuildPhase section */

/* Begin PBXGroup section */
		004B217B2CEB2B0B00A5BEB8 /* Common */ = {
			isa = PBXGroup;
			children = (
				004B217C2CEB2B2300A5BEB8 /* DomainError.swift */,
			);
			path = Common;
			sourceTree = "<group>";
		};
		00683D702CE3A72F000D28E4 /* UseCase */ = {
			isa = PBXGroup;
			children = (
				6F68E7842CEC200000945394 /* TextObjectUseCase.swift */,
				00683D712CE3A74A000D28E4 /* DrawObjectUseCase.swift */,
				A8E97C062CE5E45500B28063 /* WhiteboardObjectSendUseCase.swift */,
				A85260222CE343B20089DA5E /* ProfileUseCase.swift */,
				5BDFD9392CE2EE3100DA4F5B /* WhiteboardUseCase.swift */,
				00D2DD852CE887540089F0BA /* ManageWhiteboardObjectUseCase.swift */,
				00D2DD902CE88D260089F0BA /* ManageWhiteboardToolUseCase.swift */,
				003D5A2C2CEB217E005F3D09 /* AddPhotoUseCase.swift */,
				6F3BCDCF2CF3322C005F6642 /* ChatUseCase.swift */,
			);
			path = UseCase;
			sourceTree = "<group>";
		};
		0080E8592CE19EBD0095B958 /* Sources */ = {
			isa = PBXGroup;
			children = (
				004B217B2CEB2B0B00A5BEB8 /* Common */,
				00D2DD962CE8A4DB0089F0BA /* Model */,
				0080E8CB2CE4461F0095B958 /* Interface */,
				0080E8B92CE2ECB50095B958 /* Entity */,
				00683D702CE3A72F000D28E4 /* UseCase */,
			);
			path = Sources;
			sourceTree = "<group>";
		};
		0080E85A2CE19EBD0095B958 /* Domain */ = {
			isa = PBXGroup;
			children = (
				0080E8592CE19EBD0095B958 /* Sources */,
			);
			path = Domain;
			sourceTree = "<group>";
		};
		0080E8B92CE2ECB50095B958 /* Entity */ = {
			isa = PBXGroup;
			children = (
				A8E97BD62CE5A6B800B28063 /* Profile.swift */,
				A8E97BD72CE5A6B800B28063 /* ProfileIcon.swift */,
				5BDFD9332CE1F7DB00DA4F5B /* Whiteboard.swift */,
				0080E8BA2CE2ECC60095B958 /* WhiteboardObject.swift */,
				6F21477A2CE4CEAE00B55E2C /* TextObject.swift */,
				00683D682CE37F2F000D28E4 /* DrawingObject.swift */,
				003D5A2A2CEB1FEA005F3D09 /* PhotoObject.swift */,
				6F3BCDC72CF31CB4005F6642 /* ChatMessage.swift */,
			);
			path = Entity;
			sourceTree = "<group>";
		};
		0080E8CB2CE4461F0095B958 /* Interface */ = {
			isa = PBXGroup;
			children = (
				0080E9192CE4B0880095B958 /* UseCase */,
				0080E8CC2CE446270095B958 /* Repository */,
				00036B852CF58D7C007D1244 /* WhiteboardObjectSetInterface.swift */,
			);
			path = Interface;
			sourceTree = "<group>";
		};
		0080E8CC2CE446270095B958 /* Repository */ = {
			isa = PBXGroup;
			children = (
				5BDFD9362CE2E6BC00DA4F5B /* WhiteboardRepositoryInterface.swift */,
				0080E8CD2CE4462E0095B958 /* WhiteboardObjectRepositoryInterface.swift */,
				A8E97BDA2CE5A6D500B28063 /* ProfileRepositoryInterface.swift */,
				6F3BCDC92CF31DBA005F6642 /* ChatRepositoryInterface.swift */,
				00036B812CF56414007D1244 /* PhotoRepositoryInterface.swift */,
			);
			path = Repository;
			sourceTree = "<group>";
		};
		0080E9192CE4B0880095B958 /* UseCase */ = {
			isa = PBXGroup;
			children = (
				6F47898E2CEB8D8F0016B7AB /* TextObjectUseCaseInterface.swift */,
				0080E9182CE4B0880095B958 /* DrawObjectUseCaseInterface.swift */,
				A8E97C042CE5E3AB00B28063 /* ProfileUseCaseInterface.swift */,
				6FBC909A2CE5A52B000FEB5A /* WhiteObjectSendUseCaseInterface.swift */,
				5B6542472CE44631000168AD /* WhiteboardUseCaseInterface.swift */,
				00D2DD832CE8864B0089F0BA /* ManageWhiteboardObjectUseCaseInterface.swift */,
				00D2DD872CE88BD80089F0BA /* ManageWhiteboardToolUseCaseInterface.swift */,
				003D5A2E2CEB21B2005F3D09 /* AddPhotoUseCaseInterface.swift */,
				6F3BCDCD2CF3312A005F6642 /* ChatUseCaseInterface.swift */,
			);
			path = UseCase;
			sourceTree = "<group>";
		};
		0080E9572CE4D8760095B958 /* DomainTests */ = {
			isa = PBXGroup;
			children = (
				0080E9562CE4D8760095B958 /* DrawObjectUseCaseTests.swift */,
				00D2DD922CE88EC70089F0BA /* ManageWhiteboardToolUseCaseTests.swift */,
				00D2DD942CE88EDA0089F0BA /* ManageWhiteboardObjectsUseCaseTests.swift */,
				6F68E7862CEC593300945394 /* TextObjectUseCaseTests.swift */,
				007BCEDB2CEB852C009E6935 /* AddPhotoUseCaseTests.swift */,
				6F3BCDD12CF45510005F6642 /* ChatUseCaseTests.swift */,
			);
			path = DomainTests;
			sourceTree = "<group>";
		};
		00D2DD962CE8A4DB0089F0BA /* Model */ = {
			isa = PBXGroup;
			children = (
				00D2DD8E2CE88C640089F0BA /* WhiteboardTool.swift */,
				005BCC502CF01D29001B3623 /* WhiteboardObjectSet.swift */,
			);
			path = Model;
			sourceTree = "<group>";
		};
		5B7C6E1C2CDB6A010024704A = {
			isa = PBXGroup;
			children = (
				0080E85A2CE19EBD0095B958 /* Domain */,
				0080E9572CE4D8760095B958 /* DomainTests */,
				5B7C6EAE2CDB6C040024704A /* Frameworks */,
				5B7C6E272CDB6A010024704A /* Products */,
			);
			sourceTree = "<group>";
		};
		5B7C6E272CDB6A010024704A /* Products */ = {
			isa = PBXGroup;
			children = (
				5B7C6E262CDB6A010024704A /* Domain.framework */,
				0080E94C2CE4D8700095B958 /* DomainTests.xctest */,
			);
			name = Products;
			sourceTree = "<group>";
		};
		5B7C6EAE2CDB6C040024704A /* Frameworks */ = {
			isa = PBXGroup;
			children = (
				5B7C6EAF2CDB6C040024704A /* AirplaINFoundation.framework */,
			);
			name = Frameworks;
			sourceTree = "<group>";
		};
/* End PBXGroup section */

/* Begin PBXHeadersBuildPhase section */
		5B7C6E212CDB6A010024704A /* Headers */ = {
			isa = PBXHeadersBuildPhase;
			buildActionMask = 2147483647;
			files = (
			);
			runOnlyForDeploymentPostprocessing = 0;
		};
/* End PBXHeadersBuildPhase section */

/* Begin PBXNativeTarget section */
		0080E94B2CE4D8700095B958 /* DomainTests */ = {
			isa = PBXNativeTarget;
			buildConfigurationList = 0080E9552CE4D8700095B958 /* Build configuration list for PBXNativeTarget "DomainTests" */;
			buildPhases = (
				0080E9482CE4D8700095B958 /* Sources */,
				0080E9492CE4D8700095B958 /* Frameworks */,
				0080E94A2CE4D8700095B958 /* Resources */,
			);
			buildRules = (
			);
			dependencies = (
				0080E9522CE4D8700095B958 /* PBXTargetDependency */,
			);
			name = DomainTests;
			packageProductDependencies = (
			);
			productName = DomainTests;
			productReference = 0080E94C2CE4D8700095B958 /* DomainTests.xctest */;
			productType = "com.apple.product-type.bundle.unit-test";
		};
		5B7C6E252CDB6A010024704A /* Domain */ = {
			isa = PBXNativeTarget;
			buildConfigurationList = 5B7C6E2C2CDB6A010024704A /* Build configuration list for PBXNativeTarget "Domain" */;
			buildPhases = (
				5B7C6E212CDB6A010024704A /* Headers */,
				5B7C6E222CDB6A010024704A /* Sources */,
				5B7C6E232CDB6A010024704A /* Frameworks */,
				5B7C6E242CDB6A010024704A /* Resources */,
				5B7C6EB22CDB6C040024704A /* Embed Frameworks */,
				00677BE82CDB7D420054EF30 /* ShellScript */,
			);
			buildRules = (
			);
			dependencies = (
			);
			name = Domain;
			packageProductDependencies = (
			);
			productName = Domain;
			productReference = 5B7C6E262CDB6A010024704A /* Domain.framework */;
			productType = "com.apple.product-type.framework";
		};
/* End PBXNativeTarget section */

/* Begin PBXProject section */
		5B7C6E1D2CDB6A010024704A /* Project object */ = {
			isa = PBXProject;
			attributes = {
				BuildIndependentTargetsInParallel = 1;
				LastSwiftUpdateCheck = 1600;
				LastUpgradeCheck = 1600;
				TargetAttributes = {
					0080E94B2CE4D8700095B958 = {
						CreatedOnToolsVersion = 16.0;
					};
					5B7C6E252CDB6A010024704A = {
						CreatedOnToolsVersion = 16.0;
						LastSwiftMigration = 1600;
					};
				};
			};
			buildConfigurationList = 5B7C6E202CDB6A010024704A /* Build configuration list for PBXProject "Domain" */;
			compatibilityVersion = "Xcode 15.3";
			developmentRegion = en;
			hasScannedForEncodings = 0;
			knownRegions = (
				en,
				Base,
			);
			mainGroup = 5B7C6E1C2CDB6A010024704A;
			minimizedProjectReferenceProxies = 1;
			productRefGroup = 5B7C6E272CDB6A010024704A /* Products */;
			projectDirPath = "";
			projectRoot = "";
			targets = (
				5B7C6E252CDB6A010024704A /* Domain */,
				0080E94B2CE4D8700095B958 /* DomainTests */,
			);
		};
/* End PBXProject section */

/* Begin PBXResourcesBuildPhase section */
		0080E94A2CE4D8700095B958 /* Resources */ = {
			isa = PBXResourcesBuildPhase;
			buildActionMask = 2147483647;
			files = (
			);
			runOnlyForDeploymentPostprocessing = 0;
		};
		5B7C6E242CDB6A010024704A /* Resources */ = {
			isa = PBXResourcesBuildPhase;
			buildActionMask = 2147483647;
			files = (
			);
			runOnlyForDeploymentPostprocessing = 0;
		};
/* End PBXResourcesBuildPhase section */

/* Begin PBXShellScriptBuildPhase section */
		00677BE82CDB7D420054EF30 /* ShellScript */ = {
			isa = PBXShellScriptBuildPhase;
			alwaysOutOfDate = 1;
			buildActionMask = 2147483647;
			files = (
			);
			inputFileListPaths = (
			);
			inputPaths = (
				"$(SRCROOT)/.swiftlint.yml",
				"$(SRCROOT)/Domain",
			);
			outputFileListPaths = (
			);
			outputPaths = (
			);
			runOnlyForDeploymentPostprocessing = 0;
			shellPath = /bin/sh;
			shellScript = "\"$SRCROOT\"/../Scripts/SwiftLintRunScript.sh\n";
		};
/* End PBXShellScriptBuildPhase section */

/* Begin PBXSourcesBuildPhase section */
		0080E9482CE4D8700095B958 /* Sources */ = {
			isa = PBXSourcesBuildPhase;
			buildActionMask = 2147483647;
			files = (
				007BCEDC2CEB852C009E6935 /* AddPhotoUseCaseTests.swift in Sources */,
				6F3BCDD22CF45510005F6642 /* ChatUseCaseTests.swift in Sources */,
				00D2DD952CE88EDA0089F0BA /* ManageWhiteboardObjectsUseCaseTests.swift in Sources */,
				0080E9582CE4D8760095B958 /* DrawObjectUseCaseTests.swift in Sources */,
				00D2DD932CE88EC70089F0BA /* ManageWhiteboardToolUseCaseTests.swift in Sources */,
				6F68E7872CEC593300945394 /* TextObjectUseCaseTests.swift in Sources */,
			);
			runOnlyForDeploymentPostprocessing = 0;
		};
		5B7C6E222CDB6A010024704A /* Sources */ = {
			isa = PBXSourcesBuildPhase;
			buildActionMask = 2147483647;
			files = (
				003D5A2F2CEB21B6005F3D09 /* AddPhotoUseCaseInterface.swift in Sources */,
				A8E97C052CE5E3AB00B28063 /* ProfileUseCaseInterface.swift in Sources */,
				004B217D2CEB2B2300A5BEB8 /* DomainError.swift in Sources */,
				6F3BCDC82CF31CB4005F6642 /* ChatMessage.swift in Sources */,
				005BCC512CF01D29001B3623 /* WhiteboardObjectSet.swift in Sources */,
				A8E97BDB2CE5A6D500B28063 /* ProfileRepositoryInterface.swift in Sources */,
				A8E97BD92CE5A6B800B28063 /* ProfileIcon.swift in Sources */,
				00036B862CF58D7C007D1244 /* WhiteboardObjectSetInterface.swift in Sources */,
				A8E97C072CE5E45500B28063 /* WhiteboardObjectSendUseCase.swift in Sources */,
				A8E97BD82CE5A6B800B28063 /* Profile.swift in Sources */,
				00036B822CF56414007D1244 /* PhotoRepositoryInterface.swift in Sources */,
				A85260232CE343B20089DA5E /* ProfileUseCase.swift in Sources */,
				5BDFD93A2CE2EE3100DA4F5B /* WhiteboardUseCase.swift in Sources */,
				6F3BCDD02CF3322C005F6642 /* ChatUseCase.swift in Sources */,
				5BDFD9342CE1F7DB00DA4F5B /* Whiteboard.swift in Sources */,
				5BDFD9372CE2E6BC00DA4F5B /* WhiteboardRepositoryInterface.swift in Sources */,
				5B6542482CE44631000168AD /* WhiteboardUseCaseInterface.swift in Sources */,
				00D2DD842CE8864B0089F0BA /* ManageWhiteboardObjectUseCaseInterface.swift in Sources */,
				6F3BCDCE2CF3312A005F6642 /* ChatUseCaseInterface.swift in Sources */,
				6F47898F2CEB8D8F0016B7AB /* TextObjectUseCaseInterface.swift in Sources */,
				00D2DD882CE88BD80089F0BA /* ManageWhiteboardToolUseCaseInterface.swift in Sources */,
				003D5A2B2CEB1FF0005F3D09 /* PhotoObject.swift in Sources */,
				6F3BCDCA2CF31DBA005F6642 /* ChatRepositoryInterface.swift in Sources */,
				0080E8CE2CE4463B0095B958 /* WhiteboardObjectRepositoryInterface.swift in Sources */,
				0080E8BB2CE2ECD80095B958 /* WhiteboardObject.swift in Sources */,
				6F68E7852CEC200000945394 /* TextObjectUseCase.swift in Sources */,
				6FBC909B2CE5A6AE000FEB5A /* WhiteObjectSendUseCaseInterface.swift in Sources */,
				6F21477B2CE4CEAE00B55E2C /* TextObject.swift in Sources */,
				00683D722CE3A74A000D28E4 /* DrawObjectUseCase.swift in Sources */,
				00D2DD8F2CE88C640089F0BA /* WhiteboardTool.swift in Sources */,
				0080E91A2CE4B0880095B958 /* DrawObjectUseCaseInterface.swift in Sources */,
				003D5A2D2CEB21AA005F3D09 /* AddPhotoUseCase.swift in Sources */,
				00D2DD912CE88D260089F0BA /* ManageWhiteboardToolUseCase.swift in Sources */,
				00D2DD862CE887540089F0BA /* ManageWhiteboardObjectUseCase.swift in Sources */,
				00683D692CE37F2F000D28E4 /* DrawingObject.swift in Sources */,
			);
			runOnlyForDeploymentPostprocessing = 0;
		};
/* End PBXSourcesBuildPhase section */

/* Begin PBXTargetDependency section */
		0080E9522CE4D8700095B958 /* PBXTargetDependency */ = {
			isa = PBXTargetDependency;
			platformFilter = ios;
			target = 5B7C6E252CDB6A010024704A /* Domain */;
			targetProxy = 0080E9512CE4D8700095B958 /* PBXContainerItemProxy */;
		};
/* End PBXTargetDependency section */

/* Begin XCBuildConfiguration section */
		0080E9532CE4D8700095B958 /* Debug */ = {
			isa = XCBuildConfiguration;
			buildSettings = {
				CODE_SIGN_STYLE = Automatic;
				CURRENT_PROJECT_VERSION = 1;
				DEVELOPMENT_TEAM = B3PWYBKFUK;
				GENERATE_INFOPLIST_FILE = YES;
				IPHONEOS_DEPLOYMENT_TARGET = 17.0;
				MARKETING_VERSION = 1.0;
				PRODUCT_BUNDLE_IDENTIFIER = kr.codesquad.boostcamp9.DomainTests;
				PRODUCT_NAME = "$(TARGET_NAME)";
				SUPPORTED_PLATFORMS = "iphoneos iphonesimulator";
				SUPPORTS_MACCATALYST = NO;
				SUPPORTS_MAC_DESIGNED_FOR_IPHONE_IPAD = NO;
				SUPPORTS_XR_DESIGNED_FOR_IPHONE_IPAD = NO;
				SWIFT_EMIT_LOC_STRINGS = NO;
				SWIFT_VERSION = 5.0;
				TARGETED_DEVICE_FAMILY = 1;
			};
			name = Debug;
		};
		0080E9542CE4D8700095B958 /* Release */ = {
			isa = XCBuildConfiguration;
			buildSettings = {
				CODE_SIGN_STYLE = Automatic;
				CURRENT_PROJECT_VERSION = 1;
				DEVELOPMENT_TEAM = B3PWYBKFUK;
				GENERATE_INFOPLIST_FILE = YES;
				IPHONEOS_DEPLOYMENT_TARGET = 17.0;
				MARKETING_VERSION = 1.0;
				PRODUCT_BUNDLE_IDENTIFIER = kr.codesquad.boostcamp9.DomainTests;
				PRODUCT_NAME = "$(TARGET_NAME)";
				SUPPORTED_PLATFORMS = "iphoneos iphonesimulator";
				SUPPORTS_MACCATALYST = NO;
				SUPPORTS_MAC_DESIGNED_FOR_IPHONE_IPAD = NO;
				SUPPORTS_XR_DESIGNED_FOR_IPHONE_IPAD = NO;
				SWIFT_EMIT_LOC_STRINGS = NO;
				SWIFT_VERSION = 5.0;
				TARGETED_DEVICE_FAMILY = 1;
			};
			name = Release;
		};
		5B7C6E2D2CDB6A010024704A /* Debug */ = {
			isa = XCBuildConfiguration;
			buildSettings = {
				BUILD_LIBRARY_FOR_DISTRIBUTION = YES;
				CLANG_ENABLE_MODULES = YES;
				CODE_SIGN_STYLE = Automatic;
				CURRENT_PROJECT_VERSION = 1;
				DEFINES_MODULE = NO;
				DEVELOPMENT_TEAM = B3PWYBKFUK;
				DYLIB_COMPATIBILITY_VERSION = 1;
				DYLIB_CURRENT_VERSION = 1;
				DYLIB_INSTALL_NAME_BASE = "@rpath";
				ENABLE_MODULE_VERIFIER = YES;
				ENABLE_USER_SCRIPT_SANDBOXING = NO;
				GENERATE_INFOPLIST_FILE = YES;
				INFOPLIST_KEY_NSHumanReadableCopyright = "";
				INSTALL_PATH = "$(LOCAL_LIBRARY_DIR)/Frameworks";
				IPHONEOS_DEPLOYMENT_TARGET = 17.0;
				LD_RUNPATH_SEARCH_PATHS = (
					"$(inherited)",
					"@executable_path/Frameworks",
					"@loader_path/Frameworks",
				);
				MARKETING_VERSION = 1.0;
				MODULE_VERIFIER_SUPPORTED_LANGUAGES = "objective-c objective-c++";
				MODULE_VERIFIER_SUPPORTED_LANGUAGE_STANDARDS = "gnu17 gnu++20";
				PRODUCT_BUNDLE_IDENTIFIER = kr.codesquad.boostcamp9.Domain;
				PRODUCT_NAME = "$(TARGET_NAME:c99extidentifier)";
				SKIP_INSTALL = YES;
				SUPPORTED_PLATFORMS = "iphoneos iphonesimulator";
				SUPPORTS_MACCATALYST = NO;
				SUPPORTS_MAC_DESIGNED_FOR_IPHONE_IPAD = NO;
				SUPPORTS_XR_DESIGNED_FOR_IPHONE_IPAD = NO;
				SWIFT_EMIT_LOC_STRINGS = YES;
				SWIFT_INSTALL_OBJC_HEADER = NO;
				SWIFT_OPTIMIZATION_LEVEL = "-Onone";
				SWIFT_VERSION = 5.0;
				TARGETED_DEVICE_FAMILY = "1,2";
			};
			name = Debug;
		};
		5B7C6E2E2CDB6A010024704A /* Release */ = {
			isa = XCBuildConfiguration;
			buildSettings = {
				BUILD_LIBRARY_FOR_DISTRIBUTION = YES;
				CLANG_ENABLE_MODULES = YES;
				CODE_SIGN_STYLE = Automatic;
				CURRENT_PROJECT_VERSION = 1;
				DEFINES_MODULE = NO;
				DEVELOPMENT_TEAM = B3PWYBKFUK;
				DYLIB_COMPATIBILITY_VERSION = 1;
				DYLIB_CURRENT_VERSION = 1;
				DYLIB_INSTALL_NAME_BASE = "@rpath";
				ENABLE_MODULE_VERIFIER = YES;
				ENABLE_USER_SCRIPT_SANDBOXING = NO;
				GENERATE_INFOPLIST_FILE = YES;
				INFOPLIST_KEY_NSHumanReadableCopyright = "";
				INSTALL_PATH = "$(LOCAL_LIBRARY_DIR)/Frameworks";
				IPHONEOS_DEPLOYMENT_TARGET = 17.0;
				LD_RUNPATH_SEARCH_PATHS = (
					"$(inherited)",
					"@executable_path/Frameworks",
					"@loader_path/Frameworks",
				);
				MARKETING_VERSION = 1.0;
				MODULE_VERIFIER_SUPPORTED_LANGUAGES = "objective-c objective-c++";
				MODULE_VERIFIER_SUPPORTED_LANGUAGE_STANDARDS = "gnu17 gnu++20";
				PRODUCT_BUNDLE_IDENTIFIER = kr.codesquad.boostcamp9.Domain;
				PRODUCT_NAME = "$(TARGET_NAME:c99extidentifier)";
				SKIP_INSTALL = YES;
				SUPPORTED_PLATFORMS = "iphoneos iphonesimulator";
				SUPPORTS_MACCATALYST = NO;
				SUPPORTS_MAC_DESIGNED_FOR_IPHONE_IPAD = NO;
				SUPPORTS_XR_DESIGNED_FOR_IPHONE_IPAD = NO;
				SWIFT_EMIT_LOC_STRINGS = YES;
				SWIFT_INSTALL_OBJC_HEADER = NO;
				SWIFT_VERSION = 5.0;
				TARGETED_DEVICE_FAMILY = "1,2";
			};
			name = Release;
		};
		5B7C6E2F2CDB6A010024704A /* Debug */ = {
			isa = XCBuildConfiguration;
			buildSettings = {
				ALWAYS_SEARCH_USER_PATHS = NO;
				ASSETCATALOG_COMPILER_GENERATE_SWIFT_ASSET_SYMBOL_EXTENSIONS = YES;
				CLANG_ANALYZER_NONNULL = YES;
				CLANG_ANALYZER_NUMBER_OBJECT_CONVERSION = YES_AGGRESSIVE;
				CLANG_CXX_LANGUAGE_STANDARD = "gnu++20";
				CLANG_ENABLE_MODULES = YES;
				CLANG_ENABLE_OBJC_ARC = YES;
				CLANG_ENABLE_OBJC_WEAK = YES;
				CLANG_WARN_BLOCK_CAPTURE_AUTORELEASING = YES;
				CLANG_WARN_BOOL_CONVERSION = YES;
				CLANG_WARN_COMMA = YES;
				CLANG_WARN_CONSTANT_CONVERSION = YES;
				CLANG_WARN_DEPRECATED_OBJC_IMPLEMENTATIONS = YES;
				CLANG_WARN_DIRECT_OBJC_ISA_USAGE = YES_ERROR;
				CLANG_WARN_DOCUMENTATION_COMMENTS = YES;
				CLANG_WARN_EMPTY_BODY = YES;
				CLANG_WARN_ENUM_CONVERSION = YES;
				CLANG_WARN_INFINITE_RECURSION = YES;
				CLANG_WARN_INT_CONVERSION = YES;
				CLANG_WARN_NON_LITERAL_NULL_CONVERSION = YES;
				CLANG_WARN_OBJC_IMPLICIT_RETAIN_SELF = YES;
				CLANG_WARN_OBJC_LITERAL_CONVERSION = YES;
				CLANG_WARN_OBJC_ROOT_CLASS = YES_ERROR;
				CLANG_WARN_QUOTED_INCLUDE_IN_FRAMEWORK_HEADER = YES;
				CLANG_WARN_RANGE_LOOP_ANALYSIS = YES;
				CLANG_WARN_STRICT_PROTOTYPES = YES;
				CLANG_WARN_SUSPICIOUS_MOVE = YES;
				CLANG_WARN_UNGUARDED_AVAILABILITY = YES_AGGRESSIVE;
				CLANG_WARN_UNREACHABLE_CODE = YES;
				CLANG_WARN__DUPLICATE_METHOD_MATCH = YES;
				COPY_PHASE_STRIP = NO;
				CURRENT_PROJECT_VERSION = 1;
				DEBUG_INFORMATION_FORMAT = dwarf;
				ENABLE_STRICT_OBJC_MSGSEND = YES;
				ENABLE_TESTABILITY = YES;
				ENABLE_USER_SCRIPT_SANDBOXING = YES;
				GCC_C_LANGUAGE_STANDARD = gnu17;
				GCC_DYNAMIC_NO_PIC = NO;
				GCC_NO_COMMON_BLOCKS = YES;
				GCC_OPTIMIZATION_LEVEL = 0;
				GCC_PREPROCESSOR_DEFINITIONS = (
					"DEBUG=1",
					"$(inherited)",
				);
				GCC_WARN_64_TO_32_BIT_CONVERSION = YES;
				GCC_WARN_ABOUT_RETURN_TYPE = YES_ERROR;
				GCC_WARN_UNDECLARED_SELECTOR = YES;
				GCC_WARN_UNINITIALIZED_AUTOS = YES_AGGRESSIVE;
				GCC_WARN_UNUSED_FUNCTION = YES;
				GCC_WARN_UNUSED_VARIABLE = YES;
				IPHONEOS_DEPLOYMENT_TARGET = 18.0;
				LOCALIZATION_PREFERS_STRING_CATALOGS = YES;
				MTL_ENABLE_DEBUG_INFO = INCLUDE_SOURCE;
				MTL_FAST_MATH = YES;
				ONLY_ACTIVE_ARCH = YES;
				SDKROOT = iphoneos;
				SWIFT_ACTIVE_COMPILATION_CONDITIONS = "DEBUG $(inherited)";
				SWIFT_OPTIMIZATION_LEVEL = "-Onone";
				VERSIONING_SYSTEM = "apple-generic";
				VERSION_INFO_PREFIX = "";
			};
			name = Debug;
		};
		5B7C6E302CDB6A010024704A /* Release */ = {
			isa = XCBuildConfiguration;
			buildSettings = {
				ALWAYS_SEARCH_USER_PATHS = NO;
				ASSETCATALOG_COMPILER_GENERATE_SWIFT_ASSET_SYMBOL_EXTENSIONS = YES;
				CLANG_ANALYZER_NONNULL = YES;
				CLANG_ANALYZER_NUMBER_OBJECT_CONVERSION = YES_AGGRESSIVE;
				CLANG_CXX_LANGUAGE_STANDARD = "gnu++20";
				CLANG_ENABLE_MODULES = YES;
				CLANG_ENABLE_OBJC_ARC = YES;
				CLANG_ENABLE_OBJC_WEAK = YES;
				CLANG_WARN_BLOCK_CAPTURE_AUTORELEASING = YES;
				CLANG_WARN_BOOL_CONVERSION = YES;
				CLANG_WARN_COMMA = YES;
				CLANG_WARN_CONSTANT_CONVERSION = YES;
				CLANG_WARN_DEPRECATED_OBJC_IMPLEMENTATIONS = YES;
				CLANG_WARN_DIRECT_OBJC_ISA_USAGE = YES_ERROR;
				CLANG_WARN_DOCUMENTATION_COMMENTS = YES;
				CLANG_WARN_EMPTY_BODY = YES;
				CLANG_WARN_ENUM_CONVERSION = YES;
				CLANG_WARN_INFINITE_RECURSION = YES;
				CLANG_WARN_INT_CONVERSION = YES;
				CLANG_WARN_NON_LITERAL_NULL_CONVERSION = YES;
				CLANG_WARN_OBJC_IMPLICIT_RETAIN_SELF = YES;
				CLANG_WARN_OBJC_LITERAL_CONVERSION = YES;
				CLANG_WARN_OBJC_ROOT_CLASS = YES_ERROR;
				CLANG_WARN_QUOTED_INCLUDE_IN_FRAMEWORK_HEADER = YES;
				CLANG_WARN_RANGE_LOOP_ANALYSIS = YES;
				CLANG_WARN_STRICT_PROTOTYPES = YES;
				CLANG_WARN_SUSPICIOUS_MOVE = YES;
				CLANG_WARN_UNGUARDED_AVAILABILITY = YES_AGGRESSIVE;
				CLANG_WARN_UNREACHABLE_CODE = YES;
				CLANG_WARN__DUPLICATE_METHOD_MATCH = YES;
				COPY_PHASE_STRIP = NO;
				CURRENT_PROJECT_VERSION = 1;
				DEBUG_INFORMATION_FORMAT = "dwarf-with-dsym";
				ENABLE_NS_ASSERTIONS = NO;
				ENABLE_STRICT_OBJC_MSGSEND = YES;
				ENABLE_USER_SCRIPT_SANDBOXING = YES;
				GCC_C_LANGUAGE_STANDARD = gnu17;
				GCC_NO_COMMON_BLOCKS = YES;
				GCC_WARN_64_TO_32_BIT_CONVERSION = YES;
				GCC_WARN_ABOUT_RETURN_TYPE = YES_ERROR;
				GCC_WARN_UNDECLARED_SELECTOR = YES;
				GCC_WARN_UNINITIALIZED_AUTOS = YES_AGGRESSIVE;
				GCC_WARN_UNUSED_FUNCTION = YES;
				GCC_WARN_UNUSED_VARIABLE = YES;
				IPHONEOS_DEPLOYMENT_TARGET = 18.0;
				LOCALIZATION_PREFERS_STRING_CATALOGS = YES;
				MTL_ENABLE_DEBUG_INFO = NO;
				MTL_FAST_MATH = YES;
				SDKROOT = iphoneos;
				SWIFT_COMPILATION_MODE = wholemodule;
				VALIDATE_PRODUCT = YES;
				VERSIONING_SYSTEM = "apple-generic";
				VERSION_INFO_PREFIX = "";
			};
			name = Release;
		};
/* End XCBuildConfiguration section */

/* Begin XCConfigurationList section */
		0080E9552CE4D8700095B958 /* Build configuration list for PBXNativeTarget "DomainTests" */ = {
			isa = XCConfigurationList;
			buildConfigurations = (
				0080E9532CE4D8700095B958 /* Debug */,
				0080E9542CE4D8700095B958 /* Release */,
			);
			defaultConfigurationIsVisible = 0;
			defaultConfigurationName = Release;
		};
		5B7C6E202CDB6A010024704A /* Build configuration list for PBXProject "Domain" */ = {
			isa = XCConfigurationList;
			buildConfigurations = (
				5B7C6E2F2CDB6A010024704A /* Debug */,
				5B7C6E302CDB6A010024704A /* Release */,
			);
			defaultConfigurationIsVisible = 0;
			defaultConfigurationName = Release;
		};
		5B7C6E2C2CDB6A010024704A /* Build configuration list for PBXNativeTarget "Domain" */ = {
			isa = XCConfigurationList;
			buildConfigurations = (
				5B7C6E2D2CDB6A010024704A /* Debug */,
				5B7C6E2E2CDB6A010024704A /* Release */,
			);
			defaultConfigurationIsVisible = 0;
			defaultConfigurationName = Release;
		};
/* End XCConfigurationList section */
	};
	rootObject = 5B7C6E1D2CDB6A010024704A /* Project object */;
}
